// !$*UTF8*$!
{
	archiveVersion = 1;
	classes = {
	};
	objectVersion = 51;
	objects = {

/* Begin PBXBuildFile section */
		5FECE3F5F43A6694A652D6A1 /* Pods_AuthorizationSample.framework in Frameworks */ = {isa = PBXBuildFile; fileRef = A08916EBE22063CB9D327CA6 /* Pods_AuthorizationSample.framework */; };
		721ED9642497DB4C00058636 /* AppDelegate.swift in Sources */ = {isa = PBXBuildFile; fileRef = 721ED9632497DB4C00058636 /* AppDelegate.swift */; };
		721ED9662497DB4C00058636 /* SceneDelegate.swift in Sources */ = {isa = PBXBuildFile; fileRef = 721ED9652497DB4C00058636 /* SceneDelegate.swift */; };
		721ED9682497DB4C00058636 /* ViewController.swift in Sources */ = {isa = PBXBuildFile; fileRef = 721ED9672497DB4C00058636 /* ViewController.swift */; };
		721ED96B2497DB4C00058636 /* Main.storyboard in Resources */ = {isa = PBXBuildFile; fileRef = 721ED9692497DB4C00058636 /* Main.storyboard */; };
		721ED96D2497DB4D00058636 /* Assets.xcassets in Resources */ = {isa = PBXBuildFile; fileRef = 721ED96C2497DB4D00058636 /* Assets.xcassets */; };
		721ED9702497DB4D00058636 /* LaunchScreen.storyboard in Resources */ = {isa = PBXBuildFile; fileRef = 721ED96E2497DB4D00058636 /* LaunchScreen.storyboard */; };
		721ED9792497DDEA00058636 /* Utilities.swift in Sources */ = {isa = PBXBuildFile; fileRef = 721ED9782497DDEA00058636 /* Utilities.swift */; };
		72284543266CE0A100D6AD32 /* SimpleLoginTest.swift in Sources */ = {isa = PBXBuildFile; fileRef = 72284542266CE0A100D6AD32 /* SimpleLoginTest.swift */; };
		72284547266CE14700D6AD32 /* LoginScreen.swift in Sources */ = {isa = PBXBuildFile; fileRef = 72284546266CE14700D6AD32 /* LoginScreen.swift */; };
		72284551266CF38100D6AD32 /* SimpleSignUpTest.swift in Sources */ = {isa = PBXBuildFile; fileRef = 72284550266CF38100D6AD32 /* SimpleSignUpTest.swift */; };
		72284555266CF40800D6AD32 /* SignUpScreen.swift in Sources */ = {isa = PBXBuildFile; fileRef = 72284554266CF40800D6AD32 /* SignUpScreen.swift */; };
		72284563266D17BF00D6AD32 /* SimpleFacebookTest.swift in Sources */ = {isa = PBXBuildFile; fileRef = 72284562266D17BF00D6AD32 /* SimpleFacebookTest.swift */; };
		722EE10E2498A0C1000E4839 /* indigo_daisy.ttf in Resources */ = {isa = PBXBuildFile; fileRef = 722EE10D2498A0A3000E4839 /* indigo_daisy.ttf */; };
		722EE10F2498A0C4000E4839 /* roboto_regular.ttf in Resources */ = {isa = PBXBuildFile; fileRef = 722EE10C2498A0A3000E4839 /* roboto_regular.ttf */; };
		72592AA22498ECF400A2463D /* SignUpViewController.swift in Sources */ = {isa = PBXBuildFile; fileRef = 72592AA12498ECF400A2463D /* SignUpViewController.swift */; };
		72592AA42498ED0500A2463D /* LoginViewController.swift in Sources */ = {isa = PBXBuildFile; fileRef = 72592AA32498ED0500A2463D /* LoginViewController.swift */; };
		729D0015249FAEB200DFC746 /* Constans.swift in Sources */ = {isa = PBXBuildFile; fileRef = 729D0014249FAEB200DFC746 /* Constans.swift */; };
		72B50663249F9AFE00909B32 /* GoogleService-Info.plist in Resources */ = {isa = PBXBuildFile; fileRef = 72B50662249F9AFE00909B32 /* GoogleService-Info.plist */; };
		72C6B1FB26443E3000821B6E /* AuthorizationTestCase.swift in Sources */ = {isa = PBXBuildFile; fileRef = 72C6B1F226443D5700821B6E /* AuthorizationTestCase.swift */; };
		72C6B20426443E7700821B6E /* AuthorizationTestCaseContainer.swift in Sources */ = {isa = PBXBuildFile; fileRef = 72C6B20226443E7700821B6E /* AuthorizationTestCaseContainer.swift */; };
		72C6B20926443EFA00821B6E /* RootScreen.swift in Sources */ = {isa = PBXBuildFile; fileRef = 72C6B20726443EFA00821B6E /* RootScreen.swift */; };
		72C6B20E26443F2C00821B6E /* AuthorizationPageObject.swift in Sources */ = {isa = PBXBuildFile; fileRef = 72C6B20C26443F2C00821B6E /* AuthorizationPageObject.swift */; };
		72C6B21526443F7800821B6E /* AuthorizationScreen.swift in Sources */ = {isa = PBXBuildFile; fileRef = 72C6B21326443F7800821B6E /* AuthorizationScreen.swift */; };
		72C6B22A264441E700821B6E /* CheckPreconditionsTest.swift in Sources */ = {isa = PBXBuildFile; fileRef = 72C6B229264441E700821B6E /* CheckPreconditionsTest.swift */; };
		72C6B2522644448500821B6E /* Accessibility.swift in Sources */ = {isa = PBXBuildFile; fileRef = 72C6B2202644409A00821B6E /* Accessibility.swift */; };
		72C6B255264444A400821B6E /* Accessibility.swift in Sources */ = {isa = PBXBuildFile; fileRef = 72C6B2202644409A00821B6E /* Accessibility.swift */; };
		72D6FF49249F9C7B00D139A8 /* HomeViewController.swift in Sources */ = {isa = PBXBuildFile; fileRef = 72D6FF48249F9C7B00D139A8 /* HomeViewController.swift */; };
/* End PBXBuildFile section */

/* Begin PBXContainerItemProxy section */
		7246AE0024B60024007D63AE /* PBXContainerItemProxy */ = {
			isa = PBXContainerItemProxy;
			containerPortal = 721ED9582497DB4C00058636 /* Project object */;
			proxyType = 1;
			remoteGlobalIDString = 721ED95F2497DB4C00058636;
			remoteInfo = AuthorizationSample;
		};
/* End PBXContainerItemProxy section */

/* Begin PBXFileReference section */
		06C3B3E1F2B023FA477339A4 /* Pods-AuthorizationSample.release.xcconfig */ = {isa = PBXFileReference; includeInIndex = 1; lastKnownFileType = text.xcconfig; name = "Pods-AuthorizationSample.release.xcconfig"; path = "Target Support Files/Pods-AuthorizationSample/Pods-AuthorizationSample.release.xcconfig"; sourceTree = "<group>"; };
		721ED9602497DB4C00058636 /* AuthorizationSample.app */ = {isa = PBXFileReference; explicitFileType = wrapper.application; includeInIndex = 0; path = AuthorizationSample.app; sourceTree = BUILT_PRODUCTS_DIR; };
		721ED9632497DB4C00058636 /* AppDelegate.swift */ = {isa = PBXFileReference; lastKnownFileType = sourcecode.swift; path = AppDelegate.swift; sourceTree = "<group>"; };
		721ED9652497DB4C00058636 /* SceneDelegate.swift */ = {isa = PBXFileReference; lastKnownFileType = sourcecode.swift; path = SceneDelegate.swift; sourceTree = "<group>"; };
		721ED9672497DB4C00058636 /* ViewController.swift */ = {isa = PBXFileReference; lastKnownFileType = sourcecode.swift; path = ViewController.swift; sourceTree = "<group>"; };
		721ED96A2497DB4C00058636 /* Base */ = {isa = PBXFileReference; lastKnownFileType = file.storyboard; name = Base; path = Base.lproj/Main.storyboard; sourceTree = "<group>"; };
		721ED96C2497DB4D00058636 /* Assets.xcassets */ = {isa = PBXFileReference; lastKnownFileType = folder.assetcatalog; path = Assets.xcassets; sourceTree = "<group>"; };
		721ED96F2497DB4D00058636 /* Base */ = {isa = PBXFileReference; lastKnownFileType = file.storyboard; name = Base; path = Base.lproj/LaunchScreen.storyboard; sourceTree = "<group>"; };
		721ED9712497DB4D00058636 /* Info.plist */ = {isa = PBXFileReference; lastKnownFileType = text.plist.xml; path = Info.plist; sourceTree = "<group>"; };
		721ED9782497DDEA00058636 /* Utilities.swift */ = {isa = PBXFileReference; fileEncoding = 4; lastKnownFileType = sourcecode.swift; path = Utilities.swift; sourceTree = "<group>"; };
		72284542266CE0A100D6AD32 /* SimpleLoginTest.swift */ = {isa = PBXFileReference; lastKnownFileType = sourcecode.swift; path = SimpleLoginTest.swift; sourceTree = "<group>"; };
		72284546266CE14700D6AD32 /* LoginScreen.swift */ = {isa = PBXFileReference; lastKnownFileType = sourcecode.swift; path = LoginScreen.swift; sourceTree = "<group>"; };
		72284550266CF38100D6AD32 /* SimpleSignUpTest.swift */ = {isa = PBXFileReference; lastKnownFileType = sourcecode.swift; path = SimpleSignUpTest.swift; sourceTree = "<group>"; };
		72284554266CF40800D6AD32 /* SignUpScreen.swift */ = {isa = PBXFileReference; lastKnownFileType = sourcecode.swift; path = SignUpScreen.swift; sourceTree = "<group>"; };
		72284562266D17BF00D6AD32 /* SimpleFacebookTest.swift */ = {isa = PBXFileReference; lastKnownFileType = sourcecode.swift; path = SimpleFacebookTest.swift; sourceTree = "<group>"; };
		722EE10C2498A0A3000E4839 /* roboto_regular.ttf */ = {isa = PBXFileReference; lastKnownFileType = file; path = roboto_regular.ttf; sourceTree = "<group>"; };
		722EE10D2498A0A3000E4839 /* indigo_daisy.ttf */ = {isa = PBXFileReference; lastKnownFileType = file; path = indigo_daisy.ttf; sourceTree = "<group>"; };
		7246ADFB24B60024007D63AE /* AuthorizationSampleUITests.xctest */ = {isa = PBXFileReference; explicitFileType = wrapper.cfbundle; includeInIndex = 0; path = AuthorizationSampleUITests.xctest; sourceTree = BUILT_PRODUCTS_DIR; };
		7246ADFF24B60024007D63AE /* Info.plist */ = {isa = PBXFileReference; lastKnownFileType = text.plist.xml; path = Info.plist; sourceTree = "<group>"; };
		72592AA12498ECF400A2463D /* SignUpViewController.swift */ = {isa = PBXFileReference; lastKnownFileType = sourcecode.swift; path = SignUpViewController.swift; sourceTree = "<group>"; };
		72592AA32498ED0500A2463D /* LoginViewController.swift */ = {isa = PBXFileReference; lastKnownFileType = sourcecode.swift; path = LoginViewController.swift; sourceTree = "<group>"; };
		729D0014249FAEB200DFC746 /* Constans.swift */ = {isa = PBXFileReference; lastKnownFileType = sourcecode.swift; path = Constans.swift; sourceTree = "<group>"; };
		72B50662249F9AFE00909B32 /* GoogleService-Info.plist */ = {isa = PBXFileReference; fileEncoding = 4; lastKnownFileType = text.plist.xml; path = "GoogleService-Info.plist"; sourceTree = "<group>"; };
		72C6B1F226443D5700821B6E /* AuthorizationTestCase.swift */ = {isa = PBXFileReference; lastKnownFileType = sourcecode.swift; path = AuthorizationTestCase.swift; sourceTree = "<group>"; };
		72C6B20226443E7700821B6E /* AuthorizationTestCaseContainer.swift */ = {isa = PBXFileReference; lastKnownFileType = sourcecode.swift; path = AuthorizationTestCaseContainer.swift; sourceTree = "<group>"; };
		72C6B20726443EFA00821B6E /* RootScreen.swift */ = {isa = PBXFileReference; lastKnownFileType = sourcecode.swift; path = RootScreen.swift; sourceTree = "<group>"; };
		72C6B20C26443F2C00821B6E /* AuthorizationPageObject.swift */ = {isa = PBXFileReference; lastKnownFileType = sourcecode.swift; path = AuthorizationPageObject.swift; sourceTree = "<group>"; };
		72C6B21326443F7800821B6E /* AuthorizationScreen.swift */ = {isa = PBXFileReference; lastKnownFileType = sourcecode.swift; path = AuthorizationScreen.swift; sourceTree = "<group>"; };
		72C6B2202644409A00821B6E /* Accessibility.swift */ = {isa = PBXFileReference; lastKnownFileType = sourcecode.swift; path = Accessibility.swift; sourceTree = "<group>"; };
		72C6B229264441E700821B6E /* CheckPreconditionsTest.swift */ = {isa = PBXFileReference; lastKnownFileType = sourcecode.swift; path = CheckPreconditionsTest.swift; sourceTree = "<group>"; };
		72D6FF48249F9C7B00D139A8 /* HomeViewController.swift */ = {isa = PBXFileReference; lastKnownFileType = sourcecode.swift; path = HomeViewController.swift; sourceTree = "<group>"; };
		9012AD3AFA085F445FD2EC17 /* Pods-AuthorizationSample.debug.xcconfig */ = {isa = PBXFileReference; includeInIndex = 1; lastKnownFileType = text.xcconfig; name = "Pods-AuthorizationSample.debug.xcconfig"; path = "Target Support Files/Pods-AuthorizationSample/Pods-AuthorizationSample.debug.xcconfig"; sourceTree = "<group>"; };
		A08916EBE22063CB9D327CA6 /* Pods_AuthorizationSample.framework */ = {isa = PBXFileReference; explicitFileType = wrapper.framework; includeInIndex = 0; path = Pods_AuthorizationSample.framework; sourceTree = BUILT_PRODUCTS_DIR; };
/* End PBXFileReference section */

/* Begin PBXFrameworksBuildPhase section */
		721ED95D2497DB4C00058636 /* Frameworks */ = {
			isa = PBXFrameworksBuildPhase;
			buildActionMask = 2147483647;
			files = (
				5FECE3F5F43A6694A652D6A1 /* Pods_AuthorizationSample.framework in Frameworks */,
			);
			runOnlyForDeploymentPostprocessing = 0;
		};
		7246ADF824B60024007D63AE /* Frameworks */ = {
			isa = PBXFrameworksBuildPhase;
			buildActionMask = 2147483647;
			files = (
			);
			runOnlyForDeploymentPostprocessing = 0;
		};
/* End PBXFrameworksBuildPhase section */

/* Begin PBXGroup section */
		721ED9572497DB4C00058636 = {
			isa = PBXGroup;
			children = (
				72C6B2262644415800821B6E /* Utils */,
				72592AA02498ECDB00A2463D /* ViewControllers */,
				722EE10B2498A087000E4839 /* Fonts */,
				721ED9772497DDC700058636 /* Helpers */,
				721ED9622497DB4C00058636 /* AuthorizationSample */,
				7246ADFC24B60024007D63AE /* AuthorizationSampleUITests */,
				721ED9612497DB4C00058636 /* Products */,
				92E0DC98425166A32FCD0243 /* Pods */,
				ED2CC4A1D3C78AC45A5148FA /* Frameworks */,
			);
			sourceTree = "<group>";
		};
		721ED9612497DB4C00058636 /* Products */ = {
			isa = PBXGroup;
			children = (
				721ED9602497DB4C00058636 /* AuthorizationSample.app */,
				7246ADFB24B60024007D63AE /* AuthorizationSampleUITests.xctest */,
			);
			name = Products;
			sourceTree = "<group>";
		};
		721ED9622497DB4C00058636 /* AuthorizationSample */ = {
			isa = PBXGroup;
			children = (
				72C6B2202644409A00821B6E /* Accessibility.swift */,
				721ED9632497DB4C00058636 /* AppDelegate.swift */,
				721ED9652497DB4C00058636 /* SceneDelegate.swift */,
				721ED9672497DB4C00058636 /* ViewController.swift */,
				721ED9692497DB4C00058636 /* Main.storyboard */,
				721ED96C2497DB4D00058636 /* Assets.xcassets */,
				721ED96E2497DB4D00058636 /* LaunchScreen.storyboard */,
				721ED9712497DB4D00058636 /* Info.plist */,
				72B50662249F9AFE00909B32 /* GoogleService-Info.plist */,
			);
			path = AuthorizationSample;
			sourceTree = "<group>";
		};
		721ED9772497DDC700058636 /* Helpers */ = {
			isa = PBXGroup;
			children = (
				721ED9782497DDEA00058636 /* Utilities.swift */,
				729D0014249FAEB200DFC746 /* Constans.swift */,
			);
			path = Helpers;
			sourceTree = "<group>";
		};
		722EE10B2498A087000E4839 /* Fonts */ = {
			isa = PBXGroup;
			children = (
				722EE10D2498A0A3000E4839 /* indigo_daisy.ttf */,
				722EE10C2498A0A3000E4839 /* roboto_regular.ttf */,
			);
			path = Fonts;
			sourceTree = "<group>";
		};
		7246ADFC24B60024007D63AE /* AuthorizationSampleUITests */ = {
			isa = PBXGroup;
			children = (
				72C6B2582644456E00821B6E /* SimpleTests */,
				72C6B2252644414200821B6E /* Screens */,
				72C6B2242644412300821B6E /* Base */,
				7246ADFF24B60024007D63AE /* Info.plist */,
			);
			path = AuthorizationSampleUITests;
			sourceTree = "<group>";
		};
		72592AA02498ECDB00A2463D /* ViewControllers */ = {
			isa = PBXGroup;
			children = (
				72592AA12498ECF400A2463D /* SignUpViewController.swift */,
				72592AA32498ED0500A2463D /* LoginViewController.swift */,
				72D6FF48249F9C7B00D139A8 /* HomeViewController.swift */,
			);
			path = ViewControllers;
			sourceTree = "<group>";
		};
		72C6B2242644412300821B6E /* Base */ = {
			isa = PBXGroup;
			children = (
				72C6B1F226443D5700821B6E /* AuthorizationTestCase.swift */,
				72C6B20226443E7700821B6E /* AuthorizationTestCaseContainer.swift */,
				72C6B20C26443F2C00821B6E /* AuthorizationPageObject.swift */,
			);
			path = Base;
			sourceTree = "<group>";
		};
		72C6B2252644414200821B6E /* Screens */ = {
			isa = PBXGroup;
			children = (
				72C6B21326443F7800821B6E /* AuthorizationScreen.swift */,
				72C6B20726443EFA00821B6E /* RootScreen.swift */,
				72284546266CE14700D6AD32 /* LoginScreen.swift */,
				72284554266CF40800D6AD32 /* SignUpScreen.swift */,
			);
			path = Screens;
			sourceTree = "<group>";
		};
		72C6B2262644415800821B6E /* Utils */ = {
			isa = PBXGroup;
			children = (
			);
			path = Utils;
			sourceTree = "<group>";
		};
		72C6B2582644456E00821B6E /* SimpleTests */ = {
			isa = PBXGroup;
			children = (
				72C6B229264441E700821B6E /* CheckPreconditionsTest.swift */,
				72284542266CE0A100D6AD32 /* SimpleLoginTest.swift */,
				72284550266CF38100D6AD32 /* SimpleSignUpTest.swift */,
				72284562266D17BF00D6AD32 /* SimpleFacebookTest.swift */,
			);
			path = SimpleTests;
			sourceTree = "<group>";
		};
		92E0DC98425166A32FCD0243 /* Pods */ = {
			isa = PBXGroup;
			children = (
				9012AD3AFA085F445FD2EC17 /* Pods-AuthorizationSample.debug.xcconfig */,
				06C3B3E1F2B023FA477339A4 /* Pods-AuthorizationSample.release.xcconfig */,
			);
			path = Pods;
			sourceTree = "<group>";
		};
		ED2CC4A1D3C78AC45A5148FA /* Frameworks */ = {
			isa = PBXGroup;
			children = (
				A08916EBE22063CB9D327CA6 /* Pods_AuthorizationSample.framework */,
			);
			name = Frameworks;
			sourceTree = "<group>";
		};
/* End PBXGroup section */

/* Begin PBXNativeTarget section */
		721ED95F2497DB4C00058636 /* AuthorizationSample */ = {
			isa = PBXNativeTarget;
			buildConfigurationList = 721ED9742497DB4D00058636 /* Build configuration list for PBXNativeTarget "AuthorizationSample" */;
			buildPhases = (
				4FD5682BA2FC4D12F6D3E3C8 /* [CP] Check Pods Manifest.lock */,
				721ED95C2497DB4C00058636 /* Sources */,
				721ED95D2497DB4C00058636 /* Frameworks */,
				721ED95E2497DB4C00058636 /* Resources */,
				C96999EB5AC8CF2F0B3636F9 /* [CP] Embed Pods Frameworks */,
			);
			buildRules = (
			);
			dependencies = (
			);
			name = AuthorizationSample;
			productName = AuthorizationSample;
			productReference = 721ED9602497DB4C00058636 /* AuthorizationSample.app */;
			productType = "com.apple.product-type.application";
		};
		7246ADFA24B60024007D63AE /* AuthorizationSampleUITests */ = {
			isa = PBXNativeTarget;
			buildConfigurationList = 7246AE0424B60024007D63AE /* Build configuration list for PBXNativeTarget "AuthorizationSampleUITests" */;
			buildPhases = (
				7246ADF724B60024007D63AE /* Sources */,
				7246ADF824B60024007D63AE /* Frameworks */,
				7246ADF924B60024007D63AE /* Resources */,
			);
			buildRules = (
			);
			dependencies = (
				7246AE0124B60024007D63AE /* PBXTargetDependency */,
			);
			name = AuthorizationSampleUITests;
			productName = AuthorizationSampleUITests;
			productReference = 7246ADFB24B60024007D63AE /* AuthorizationSampleUITests.xctest */;
			productType = "com.apple.product-type.bundle.ui-testing";
		};
/* End PBXNativeTarget section */

/* Begin PBXProject section */
		721ED9582497DB4C00058636 /* Project object */ = {
			isa = PBXProject;
			attributes = {
				LastSwiftUpdateCheck = 1110;
				LastUpgradeCheck = 1110;
				ORGANIZATIONNAME = "Anton Smirnov";
				TargetAttributes = {
					721ED95F2497DB4C00058636 = {
						CreatedOnToolsVersion = 11.1;
					};
					7246ADFA24B60024007D63AE = {
						CreatedOnToolsVersion = 11.1;
						TestTargetID = 721ED95F2497DB4C00058636;
					};
				};
			};
			buildConfigurationList = 721ED95B2497DB4C00058636 /* Build configuration list for PBXProject "AuthorizationSample" */;
			compatibilityVersion = "Xcode 9.3";
			developmentRegion = en;
			hasScannedForEncodings = 0;
			knownRegions = (
				en,
				Base,
			);
			mainGroup = 721ED9572497DB4C00058636;
			productRefGroup = 721ED9612497DB4C00058636 /* Products */;
			projectDirPath = "";
			projectRoot = "";
			targets = (
				721ED95F2497DB4C00058636 /* AuthorizationSample */,
				7246ADFA24B60024007D63AE /* AuthorizationSampleUITests */,
			);
		};
/* End PBXProject section */

/* Begin PBXResourcesBuildPhase section */
		721ED95E2497DB4C00058636 /* Resources */ = {
			isa = PBXResourcesBuildPhase;
			buildActionMask = 2147483647;
			files = (
				722EE10F2498A0C4000E4839 /* roboto_regular.ttf in Resources */,
				722EE10E2498A0C1000E4839 /* indigo_daisy.ttf in Resources */,
				721ED9702497DB4D00058636 /* LaunchScreen.storyboard in Resources */,
				721ED96D2497DB4D00058636 /* Assets.xcassets in Resources */,
				721ED96B2497DB4C00058636 /* Main.storyboard in Resources */,
				72B50663249F9AFE00909B32 /* GoogleService-Info.plist in Resources */,
			);
			runOnlyForDeploymentPostprocessing = 0;
		};
		7246ADF924B60024007D63AE /* Resources */ = {
			isa = PBXResourcesBuildPhase;
			buildActionMask = 2147483647;
			files = (
			);
			runOnlyForDeploymentPostprocessing = 0;
		};
/* End PBXResourcesBuildPhase section */

/* Begin PBXShellScriptBuildPhase section */
		4FD5682BA2FC4D12F6D3E3C8 /* [CP] Check Pods Manifest.lock */ = {
			isa = PBXShellScriptBuildPhase;
			buildActionMask = 2147483647;
			files = (
			);
			inputFileListPaths = (
			);
			inputPaths = (
				"${PODS_PODFILE_DIR_PATH}/Podfile.lock",
				"${PODS_ROOT}/Manifest.lock",
			);
			name = "[CP] Check Pods Manifest.lock";
			outputFileListPaths = (
			);
			outputPaths = (
				"$(DERIVED_FILE_DIR)/Pods-AuthorizationSample-checkManifestLockResult.txt",
			);
			runOnlyForDeploymentPostprocessing = 0;
			shellPath = /bin/sh;
			shellScript = "diff \"${PODS_PODFILE_DIR_PATH}/Podfile.lock\" \"${PODS_ROOT}/Manifest.lock\" > /dev/null\nif [ $? != 0 ] ; then\n    # print error to STDERR\n    echo \"error: The sandbox is not in sync with the Podfile.lock. Run 'pod install' or update your CocoaPods installation.\" >&2\n    exit 1\nfi\n# This output is used by Xcode 'outputs' to avoid re-running this script phase.\necho \"SUCCESS\" > \"${SCRIPT_OUTPUT_FILE_0}\"\n";
			showEnvVarsInLog = 0;
		};
		C96999EB5AC8CF2F0B3636F9 /* [CP] Embed Pods Frameworks */ = {
			isa = PBXShellScriptBuildPhase;
			buildActionMask = 2147483647;
			files = (
			);
			inputFileListPaths = (
				"${PODS_ROOT}/Target Support Files/Pods-AuthorizationSample/Pods-AuthorizationSample-frameworks-${CONFIGURATION}-input-files.xcfilelist",
			);
			name = "[CP] Embed Pods Frameworks";
			outputFileListPaths = (
				"${PODS_ROOT}/Target Support Files/Pods-AuthorizationSample/Pods-AuthorizationSample-frameworks-${CONFIGURATION}-output-files.xcfilelist",
			);
			runOnlyForDeploymentPostprocessing = 0;
			shellPath = /bin/sh;
			shellScript = "\"${PODS_ROOT}/Target Support Files/Pods-AuthorizationSample/Pods-AuthorizationSample-frameworks.sh\"\n";
			showEnvVarsInLog = 0;
		};
/* End PBXShellScriptBuildPhase section */

/* Begin PBXSourcesBuildPhase section */
		721ED95C2497DB4C00058636 /* Sources */ = {
			isa = PBXSourcesBuildPhase;
			buildActionMask = 2147483647;
			files = (
				72592AA42498ED0500A2463D /* LoginViewController.swift in Sources */,
				721ED9682497DB4C00058636 /* ViewController.swift in Sources */,
				729D0015249FAEB200DFC746 /* Constans.swift in Sources */,
				721ED9642497DB4C00058636 /* AppDelegate.swift in Sources */,
				721ED9792497DDEA00058636 /* Utilities.swift in Sources */,
				721ED9662497DB4C00058636 /* SceneDelegate.swift in Sources */,
				72D6FF49249F9C7B00D139A8 /* HomeViewController.swift in Sources */,
				72C6B255264444A400821B6E /* Accessibility.swift in Sources */,
				72592AA22498ECF400A2463D /* SignUpViewController.swift in Sources */,
			);
			runOnlyForDeploymentPostprocessing = 0;
		};
		7246ADF724B60024007D63AE /* Sources */ = {
			isa = PBXSourcesBuildPhase;
			buildActionMask = 2147483647;
			files = (
				72C6B20926443EFA00821B6E /* RootScreen.swift in Sources */,
				72C6B1FB26443E3000821B6E /* AuthorizationTestCase.swift in Sources */,
				72284551266CF38100D6AD32 /* SimpleSignUpTest.swift in Sources */,
				72284543266CE0A100D6AD32 /* SimpleLoginTest.swift in Sources */,
				72C6B20426443E7700821B6E /* AuthorizationTestCaseContainer.swift in Sources */,
				72284547266CE14700D6AD32 /* LoginScreen.swift in Sources */,
				72C6B20E26443F2C00821B6E /* AuthorizationPageObject.swift in Sources */,
				72284563266D17BF00D6AD32 /* SimpleFacebookTest.swift in Sources */,
				72C6B22A264441E700821B6E /* CheckPreconditionsTest.swift in Sources */,
				72C6B2522644448500821B6E /* Accessibility.swift in Sources */,
				72C6B21526443F7800821B6E /* AuthorizationScreen.swift in Sources */,
				72284555266CF40800D6AD32 /* SignUpScreen.swift in Sources */,
			);
			runOnlyForDeploymentPostprocessing = 0;
		};
/* End PBXSourcesBuildPhase section */

/* Begin PBXTargetDependency section */
		7246AE0124B60024007D63AE /* PBXTargetDependency */ = {
			isa = PBXTargetDependency;
			target = 721ED95F2497DB4C00058636 /* AuthorizationSample */;
			targetProxy = 7246AE0024B60024007D63AE /* PBXContainerItemProxy */;
		};
/* End PBXTargetDependency section */

/* Begin PBXVariantGroup section */
		721ED9692497DB4C00058636 /* Main.storyboard */ = {
			isa = PBXVariantGroup;
			children = (
				721ED96A2497DB4C00058636 /* Base */,
			);
			name = Main.storyboard;
			sourceTree = "<group>";
		};
		721ED96E2497DB4D00058636 /* LaunchScreen.storyboard */ = {
			isa = PBXVariantGroup;
			children = (
				721ED96F2497DB4D00058636 /* Base */,
			);
			name = LaunchScreen.storyboard;
			sourceTree = "<group>";
		};
/* End PBXVariantGroup section */

/* Begin XCBuildConfiguration section */
		721ED9722497DB4D00058636 /* Debug */ = {
			isa = XCBuildConfiguration;
			buildSettings = {
				ALWAYS_SEARCH_USER_PATHS = NO;
				CLANG_ANALYZER_NONNULL = YES;
				CLANG_ANALYZER_NUMBER_OBJECT_CONVERSION = YES_AGGRESSIVE;
				CLANG_CXX_LANGUAGE_STANDARD = "gnu++14";
				CLANG_CXX_LIBRARY = "libc++";
				CLANG_ENABLE_MODULES = YES;
				CLANG_ENABLE_OBJC_ARC = YES;
				CLANG_ENABLE_OBJC_WEAK = YES;
				CLANG_WARN_BLOCK_CAPTURE_AUTORELEASING = YES;
				CLANG_WARN_BOOL_CONVERSION = YES;
				CLANG_WARN_COMMA = YES;
				CLANG_WARN_CONSTANT_CONVERSION = YES;
				CLANG_WARN_DEPRECATED_OBJC_IMPLEMENTATIONS = YES;
				CLANG_WARN_DIRECT_OBJC_ISA_USAGE = YES_ERROR;
				CLANG_WARN_DOCUMENTATION_COMMENTS = YES;
				CLANG_WARN_EMPTY_BODY = YES;
				CLANG_WARN_ENUM_CONVERSION = YES;
				CLANG_WARN_INFINITE_RECURSION = YES;
				CLANG_WARN_INT_CONVERSION = YES;
				CLANG_WARN_NON_LITERAL_NULL_CONVERSION = YES;
				CLANG_WARN_OBJC_IMPLICIT_RETAIN_SELF = YES;
				CLANG_WARN_OBJC_LITERAL_CONVERSION = YES;
				CLANG_WARN_OBJC_ROOT_CLASS = YES_ERROR;
				CLANG_WARN_RANGE_LOOP_ANALYSIS = YES;
				CLANG_WARN_STRICT_PROTOTYPES = YES;
				CLANG_WARN_SUSPICIOUS_MOVE = YES;
				CLANG_WARN_UNGUARDED_AVAILABILITY = YES_AGGRESSIVE;
				CLANG_WARN_UNREACHABLE_CODE = YES;
				CLANG_WARN__DUPLICATE_METHOD_MATCH = YES;
				COPY_PHASE_STRIP = NO;
				DEBUG_INFORMATION_FORMAT = dwarf;
				ENABLE_STRICT_OBJC_MSGSEND = YES;
				ENABLE_TESTABILITY = YES;
				GCC_C_LANGUAGE_STANDARD = gnu11;
				GCC_DYNAMIC_NO_PIC = NO;
				GCC_NO_COMMON_BLOCKS = YES;
				GCC_OPTIMIZATION_LEVEL = 0;
				GCC_PREPROCESSOR_DEFINITIONS = (
					"DEBUG=1",
					"$(inherited)",
				);
				GCC_WARN_64_TO_32_BIT_CONVERSION = YES;
				GCC_WARN_ABOUT_RETURN_TYPE = YES_ERROR;
				GCC_WARN_UNDECLARED_SELECTOR = YES;
				GCC_WARN_UNINITIALIZED_AUTOS = YES_AGGRESSIVE;
				GCC_WARN_UNUSED_FUNCTION = YES;
				GCC_WARN_UNUSED_VARIABLE = YES;
				IPHONEOS_DEPLOYMENT_TARGET = 13.1;
				MTL_ENABLE_DEBUG_INFO = INCLUDE_SOURCE;
				MTL_FAST_MATH = YES;
				ONLY_ACTIVE_ARCH = YES;
				SDKROOT = iphoneos;
				SWIFT_ACTIVE_COMPILATION_CONDITIONS = DEBUG;
				SWIFT_OPTIMIZATION_LEVEL = "-Onone";
			};
			name = Debug;
		};
		721ED9732497DB4D00058636 /* Release */ = {
			isa = XCBuildConfiguration;
			buildSettings = {
				ALWAYS_SEARCH_USER_PATHS = NO;
				CLANG_ANALYZER_NONNULL = YES;
				CLANG_ANALYZER_NUMBER_OBJECT_CONVERSION = YES_AGGRESSIVE;
				CLANG_CXX_LANGUAGE_STANDARD = "gnu++14";
				CLANG_CXX_LIBRARY = "libc++";
				CLANG_ENABLE_MODULES = YES;
				CLANG_ENABLE_OBJC_ARC = YES;
				CLANG_ENABLE_OBJC_WEAK = YES;
				CLANG_WARN_BLOCK_CAPTURE_AUTORELEASING = YES;
				CLANG_WARN_BOOL_CONVERSION = YES;
				CLANG_WARN_COMMA = YES;
				CLANG_WARN_CONSTANT_CONVERSION = YES;
				CLANG_WARN_DEPRECATED_OBJC_IMPLEMENTATIONS = YES;
				CLANG_WARN_DIRECT_OBJC_ISA_USAGE = YES_ERROR;
				CLANG_WARN_DOCUMENTATION_COMMENTS = YES;
				CLANG_WARN_EMPTY_BODY = YES;
				CLANG_WARN_ENUM_CONVERSION = YES;
				CLANG_WARN_INFINITE_RECURSION = YES;
				CLANG_WARN_INT_CONVERSION = YES;
				CLANG_WARN_NON_LITERAL_NULL_CONVERSION = YES;
				CLANG_WARN_OBJC_IMPLICIT_RETAIN_SELF = YES;
				CLANG_WARN_OBJC_LITERAL_CONVERSION = YES;
				CLANG_WARN_OBJC_ROOT_CLASS = YES_ERROR;
				CLANG_WARN_RANGE_LOOP_ANALYSIS = YES;
				CLANG_WARN_STRICT_PROTOTYPES = YES;
				CLANG_WARN_SUSPICIOUS_MOVE = YES;
				CLANG_WARN_UNGUARDED_AVAILABILITY = YES_AGGRESSIVE;
				CLANG_WARN_UNREACHABLE_CODE = YES;
				CLANG_WARN__DUPLICATE_METHOD_MATCH = YES;
				COPY_PHASE_STRIP = NO;
				DEBUG_INFORMATION_FORMAT = "dwarf-with-dsym";
				ENABLE_NS_ASSERTIONS = NO;
				ENABLE_STRICT_OBJC_MSGSEND = YES;
				GCC_C_LANGUAGE_STANDARD = gnu11;
				GCC_NO_COMMON_BLOCKS = YES;
				GCC_WARN_64_TO_32_BIT_CONVERSION = YES;
				GCC_WARN_ABOUT_RETURN_TYPE = YES_ERROR;
				GCC_WARN_UNDECLARED_SELECTOR = YES;
				GCC_WARN_UNINITIALIZED_AUTOS = YES_AGGRESSIVE;
				GCC_WARN_UNUSED_FUNCTION = YES;
				GCC_WARN_UNUSED_VARIABLE = YES;
				IPHONEOS_DEPLOYMENT_TARGET = 13.1;
				MTL_ENABLE_DEBUG_INFO = NO;
				MTL_FAST_MATH = YES;
				SDKROOT = iphoneos;
				SWIFT_COMPILATION_MODE = wholemodule;
				SWIFT_OPTIMIZATION_LEVEL = "-O";
				VALIDATE_PRODUCT = YES;
			};
			name = Release;
		};
		721ED9752497DB4D00058636 /* Debug */ = {
			isa = XCBuildConfiguration;
			baseConfigurationReference = 9012AD3AFA085F445FD2EC17 /* Pods-AuthorizationSample.debug.xcconfig */;
			buildSettings = {
				ASSETCATALOG_COMPILER_APPICON_NAME = AppIcon;
				CODE_SIGN_STYLE = Automatic;
				DEVELOPMENT_TEAM = B5T9HL953S;
				INFOPLIST_FILE = AuthorizationSample/Info.plist;
				LD_RUNPATH_SEARCH_PATHS = (
					"$(inherited)",
					"@executable_path/Frameworks",
				);
				PRODUCT_BUNDLE_IDENTIFIER = NordTunes.AuthorizationSample;
				PRODUCT_NAME = "$(TARGET_NAME)";
				SWIFT_VERSION = 5.0;
				TARGETED_DEVICE_FAMILY = "1,2";
			};
			name = Debug;
		};
		721ED9762497DB4D00058636 /* Release */ = {
			isa = XCBuildConfiguration;
			baseConfigurationReference = 06C3B3E1F2B023FA477339A4 /* Pods-AuthorizationSample.release.xcconfig */;
			buildSettings = {
				ASSETCATALOG_COMPILER_APPICON_NAME = AppIcon;
				CODE_SIGN_STYLE = Automatic;
				DEVELOPMENT_TEAM = B5T9HL953S;
				INFOPLIST_FILE = AuthorizationSample/Info.plist;
				LD_RUNPATH_SEARCH_PATHS = (
					"$(inherited)",
					"@executable_path/Frameworks",
				);
				PRODUCT_BUNDLE_IDENTIFIER = NordTunes.AuthorizationSample;
				PRODUCT_NAME = "$(TARGET_NAME)";
				SWIFT_VERSION = 5.0;
				TARGETED_DEVICE_FAMILY = "1,2";
			};
			name = Release;
		};
		7246AE0224B60024007D63AE /* Debug */ = {
			isa = XCBuildConfiguration;
			buildSettings = {
				CODE_SIGN_STYLE = Automatic;
				DEVELOPMENT_TEAM = B5T9HL953S;
				INFOPLIST_FILE = AuthorizationSampleUITests/Info.plist;
				LD_RUNPATH_SEARCH_PATHS = (
					"$(inherited)",
					"@executable_path/Frameworks",
					"@loader_path/Frameworks",
				);
				PRODUCT_BUNDLE_IDENTIFIER = NordTunes.AuthorizationSampleUITests;
				PRODUCT_NAME = "$(TARGET_NAME)";
				SWIFT_VERSION = 5.0;
				TARGETED_DEVICE_FAMILY = "1,2";
				TEST_TARGET_NAME = AuthorizationSample;
			};
			name = Debug;
		};
		7246AE0324B60024007D63AE /* Release */ = {
			isa = XCBuildConfiguration;
			buildSettings = {
				CODE_SIGN_STYLE = Automatic;
				DEVELOPMENT_TEAM = B5T9HL953S;
				INFOPLIST_FILE = AuthorizationSampleUITests/Info.plist;
				LD_RUNPATH_SEARCH_PATHS = (
					"$(inherited)",
					"@executable_path/Frameworks",
					"@loader_path/Frameworks",
				);
				PRODUCT_BUNDLE_IDENTIFIER = NordTunes.AuthorizationSampleUITests;
				PRODUCT_NAME = "$(TARGET_NAME)";
				SWIFT_VERSION = 5.0;
				TARGETED_DEVICE_FAMILY = "1,2";
				TEST_TARGET_NAME = AuthorizationSample;
			};
			name = Release;
		};
/* End XCBuildConfiguration section */

/* Begin XCConfigurationList section */
		721ED95B2497DB4C00058636 /* Build configuration list for PBXProject "AuthorizationSample" */ = {
			isa = XCConfigurationList;
			buildConfigurations = (
				721ED9722497DB4D00058636 /* Debug */,
				721ED9732497DB4D00058636 /* Release */,
			);
			defaultConfigurationIsVisible = 0;
			defaultConfigurationName = Release;
		};
		721ED9742497DB4D00058636 /* Build configuration list for PBXNativeTarget "AuthorizationSample" */ = {
			isa = XCConfigurationList;
			buildConfigurations = (
				721ED9752497DB4D00058636 /* Debug */,
				721ED9762497DB4D00058636 /* Release */,
			);
			defaultConfigurationIsVisible = 0;
			defaultConfigurationName = Release;
		};
		7246AE0424B60024007D63AE /* Build configuration list for PBXNativeTarget "AuthorizationSampleUITests" */ = {
			isa = XCConfigurationList;
			buildConfigurations = (
				7246AE0224B60024007D63AE /* Debug */,
				7246AE0324B60024007D63AE /* Release */,
			);
			defaultConfigurationIsVisible = 0;
			defaultConfigurationName = Release;
		};
/* End XCConfigurationList section */
	};
	rootObject = 721ED9582497DB4C00058636 /* Project object */;
}
